
Microsoft Visual Studio Solution File, Format Version 11.00
# Visual Studio 2010
Project("{FAE04EC0-301F-11D3-BF4B-00C04F79EFBC}") = "Ink-Libraries", "Ink-Libraries.csproj", "{912d3b3b-dd17-3d94-db86-0ff203281df2}"
EndProject
Project("{FAE04EC0-301F-11D3-BF4B-00C04F79EFBC}") = "Assembly-CSharp", "Assembly-CSharp.csproj", "{80841d1d-1e49-e4cc-6f22-be539ce01ead}"
EndProject
Project("{FAE04EC0-301F-11D3-BF4B-00C04F79EFBC}") = "Assembly-CSharp-firstpass", "Assembly-CSharp-firstpass.csproj", "{a23ff3f5-dc6a-73e4-f885-a12cac56d8ac}"
EndProject
Project("{FAE04EC0-301F-11D3-BF4B-00C04F79EFBC}") = "InkEditor", "InkEditor.csproj", "{17ffffb0-c137-5e40-3230-6df13d365012}"
EndProject
Project("{FAE04EC0-301F-11D3-BF4B-00C04F79EFBC}") = "Assembly-CSharp-Editor-firstpass", "Assembly-CSharp-Editor-firstpass.csproj", "{ad3ac4a6-51a5-a852-893e-62d4dd4ae239}"
EndProject
Project("{FAE04EC0-301F-11D3-BF4B-00C04F79EFBC}") = "Assembly-CSharp-Editor", "Assembly-CSharp-Editor.csproj", "{64312e46-7528-31f8-6fd1-63aa411bddf9}"
EndProject
Global
	GlobalSection(SolutionConfigurationPlatforms) = preSolution
		Debug|Any CPU = Debug|Any CPU
	EndGlobalSection
	GlobalSection(ProjectConfigurationPlatforms) = postSolution
		{912d3b3b-dd17-3d94-db86-0ff203281df2}.Debug|Any CPU.ActiveCfg = Debug|Any CPU
		{912d3b3b-dd17-3d94-db86-0ff203281df2}.Debug|Any CPU.Build.0 = Debug|Any CPU
		{80841d1d-1e49-e4cc-6f22-be539ce01ead}.Debug|Any CPU.ActiveCfg = Debug|Any CPU
		{80841d1d-1e49-e4cc-6f22-be539ce01ead}.Debug|Any CPU.Build.0 = Debug|Any CPU
		{a23ff3f5-dc6a-73e4-f885-a12cac56d8ac}.Debug|Any CPU.ActiveCfg = Debug|Any CPU
		{a23ff3f5-dc6a-73e4-f885-a12cac56d8ac}.Debug|Any CPU.Build.0 = Debug|Any CPU
		{17ffffb0-c137-5e40-3230-6df13d365012}.Debug|Any CPU.ActiveCfg = Debug|Any CPU
		{17ffffb0-c137-5e40-3230-6df13d365012}.Debug|Any CPU.Build.0 = Debug|Any CPU
		{ad3ac4a6-51a5-a852-893e-62d4dd4ae239}.Debug|Any CPU.ActiveCfg = Debug|Any CPU
		{ad3ac4a6-51a5-a852-893e-62d4dd4ae239}.Debug|Any CPU.Build.0 = Debug|Any CPU
		{64312e46-7528-31f8-6fd1-63aa411bddf9}.Debug|Any CPU.ActiveCfg = Debug|Any CPU
		{64312e46-7528-31f8-6fd1-63aa411bddf9}.Debug|Any CPU.Build.0 = Debug|Any CPU
	EndGlobalSection
	GlobalSection(SolutionProperties) = preSolution
		HideSolutionNode = FALSE
	EndGlobalSection
EndGlobal
